{
    "_readme": [
        "This file locks the dependencies of your project to a known state",
        "Read more about it at https://getcomposer.org/doc/01-basic-usage.md#installing-dependencies",
        "This file is @generated automatically"
    ],
    "content-hash": "91702abbd6bfdaec7574a3fa060fe61a",
    "packages": [
        {
            "name": "filp/whoops",
            "version": "2.3.1",
            "source": {
                "type": "git",
                "url": "https://github.com/filp/whoops.git",
                "reference": "bc0fd11bc455cc20ee4b5edabc63ebbf859324c7"
            },
            "dist": {
                "type": "zip",
                "url": "https://api.github.com/repos/filp/whoops/zipball/bc0fd11bc455cc20ee4b5edabc63ebbf859324c7",
                "reference": "bc0fd11bc455cc20ee4b5edabc63ebbf859324c7",
                "shasum": ""
            },
            "require": {
                "php": "^5.5.9 || ^7.0",
                "psr/log": "^1.0.1"
            },
            "require-dev": {
                "mockery/mockery": "^0.9 || ^1.0",
                "phpunit/phpunit": "^4.8.35 || ^5.7",
                "symfony/var-dumper": "^2.6 || ^3.0 || ^4.0"
            },
            "suggest": {
                "symfony/var-dumper": "Pretty print complex values better with var-dumper available",
                "whoops/soap": "Formats errors as SOAP responses"
            },
            "type": "library",
            "extra": {
                "branch-alias": {
                    "dev-master": "2.2-dev"
                }
            },
            "autoload": {
                "psr-4": {
                    "Whoops\\": "src/Whoops/"
                }
            },
            "notification-url": "https://packagist.org/downloads/",
            "license": [
                "MIT"
            ],
            "authors": [
                {
                    "name": "Filipe Dobreira",
                    "homepage": "https://github.com/filp",
                    "role": "Developer"
                }
            ],
            "description": "php error handling for cool kids",
            "homepage": "https://filp.github.io/whoops/",
            "keywords": [
                "error",
                "exception",
                "handling",
                "library",
                "throwable",
                "whoops"
            ],
            "time": "2018-10-23T09:00:00+00:00"
        },
        {
            "name": "kint-php/kint",
            "version": "3.3",
            "source": {
                "type": "git",
                "url": "https://github.com/kint-php/kint.git",
                "reference": "335ac1bcaf04d87df70d8aa51e8887ba2c6d203b"
            },
            "dist": {
                "type": "zip",
                "url": "https://api.github.com/repos/kint-php/kint/zipball/335ac1bcaf04d87df70d8aa51e8887ba2c6d203b",
                "reference": "335ac1bcaf04d87df70d8aa51e8887ba2c6d203b",
                "shasum": ""
            },
            "require": {
                "php": ">=5.3.6"
            },
            "require-dev": {
                "friendsofphp/php-cs-fixer": "^2.0",
                "phpunit/phpunit": "^4.0",
                "seld/phar-utils": "^1.0",
                "symfony/finder": "^2.0 || ^3.0 || ^4.0",
                "vimeo/psalm": "^3.0"
            },
            "suggest": {
                "ext-ctype": "Simple data type tests",
                "ext-iconv": "Provides fallback detection for ambiguous legacy string encodings such as the Windows and ISO 8859 code pages",
                "ext-mbstring": "Provides string encoding detection",
                "kint-php/kint-js": "Provides a simplified dump to console.log()",
                "kint-php/kint-twig": "Provides d() and s() functions in twig templates",
                "symfony/polyfill-ctype": "Replacement for ext-ctype if missing",
                "symfony/polyfill-iconv": "Replacement for ext-iconv if missing",
                "symfony/polyfill-mbstring": "Replacement for ext-mbstring if missing"
            },
            "type": "library",
            "autoload": {
                "files": [
                    "init.php"
                ],
                "psr-4": {
                    "Kint\\": "src/"
                }
            },
            "notification-url": "https://packagist.org/downloads/",
            "license": [
                "MIT"
            ],
            "authors": [
                {
                    "name": "Jonathan Vollebregt",
                    "homepage": "https://github.com/jnvsor"
                },
                {
                    "name": "Rokas Šleinius",
                    "homepage": "https://github.com/raveren"
                },
                {
                    "name": "Contributors",
                    "homepage": "https://github.com/kint-php/kint/graphs/contributors"
                }
            ],
            "description": "Kint - debugging tool for PHP developers",
            "homepage": "https://kint-php.github.io/kint/",
            "keywords": [
                "debug",
                "kint",
                "php"
            ],
            "time": "2019-10-17T18:05:24+00:00"
        },
        {
            "name": "psr/log",
            "version": "1.1.0",
            "source": {
                "type": "git",
                "url": "https://github.com/php-fig/log.git",
                "reference": "6c001f1daafa3a3ac1d8ff69ee4db8e799a654dd"
            },
            "dist": {
                "type": "zip",
                "url": "https://api.github.com/repos/php-fig/log/zipball/6c001f1daafa3a3ac1d8ff69ee4db8e799a654dd",
                "reference": "6c001f1daafa3a3ac1d8ff69ee4db8e799a654dd",
                "shasum": ""
            },
            "require": {
                "php": ">=5.3.0"
            },
            "type": "library",
            "extra": {
                "branch-alias": {
                    "dev-master": "1.0.x-dev"
                }
            },
            "autoload": {
                "psr-4": {
                    "Psr\\Log\\": "Psr/Log/"
                }
            },
            "notification-url": "https://packagist.org/downloads/",
            "license": [
                "MIT"
            ],
            "authors": [
                {
                    "name": "PHP-FIG",
                    "homepage": "http://www.php-fig.org/"
                }
            ],
            "description": "Common interface for logging libraries",
            "homepage": "https://github.com/php-fig/log",
            "keywords": [
                "log",
                "psr",
                "psr-3"
            ],
            "time": "2018-11-20T15:27:04+00:00"
        }
    ],
    "packages-dev": [],
    "aliases": [],
    "minimum-stability": "dev",
    "stability-flags": [],
    "prefer-stable": true,
    "prefer-lowest": false,
    "platform": {
        "php": "^5.6 || ^7"
    },
    "platform-dev": [],
    "plugin-api-version": "1.1.0"
}
